// !$*UTF8*$!
{
	archiveVersion = 1;
	classes = {
	};
	objectVersion = 46;
	objects = {

/* Begin PBXBuildFile section */
		9B76DD001BAE839E00298642 /* AppDelegate.swift in Sources */ = {isa = PBXBuildFile; fileRef = 9B76DCFF1BAE839E00298642 /* AppDelegate.swift */; };
		9B76DD071BAE839E00298642 /* Assets.xcassets in Resources */ = {isa = PBXBuildFile; fileRef = 9B76DD061BAE839E00298642 /* Assets.xcassets */; };
		9B76DD0A1BAE839E00298642 /* LaunchScreen.storyboard in Resources */ = {isa = PBXBuildFile; fileRef = 9B76DD081BAE839E00298642 /* LaunchScreen.storyboard */; };
		9B76DD151BAE839E00298642 /* GameplayKitSandboxTests.swift in Sources */ = {isa = PBXBuildFile; fileRef = 9B76DD141BAE839E00298642 /* GameplayKitSandboxTests.swift */; };
		9B76DD201BAE839E00298642 /* GameplayKitSandboxUITests.swift in Sources */ = {isa = PBXBuildFile; fileRef = 9B76DD1F1BAE839E00298642 /* GameplayKitSandboxUITests.swift */; };
		9B76DD2E1BAE83BD00298642 /* ExamplesViewController.swift in Sources */ = {isa = PBXBuildFile; fileRef = 9B76DD2D1BAE83BD00298642 /* ExamplesViewController.swift */; settings = {ASSET_TAGS = (); }; };
		9B76DD301BAE879400298642 /* ExampleViewController.swift in Sources */ = {isa = PBXBuildFile; fileRef = 9B76DD2F1BAE879400298642 /* ExampleViewController.swift */; settings = {ASSET_TAGS = (); }; };
		9B76DD321BAE8DD300298642 /* RandomizationViewController.swift in Sources */ = {isa = PBXBuildFile; fileRef = 9B76DD311BAE8DD300298642 /* RandomizationViewController.swift */; settings = {ASSET_TAGS = (); }; };
		9B76DD341BAE8F6400298642 /* RandomizationScene.swift in Sources */ = {isa = PBXBuildFile; fileRef = 9B76DD331BAE8F6400298642 /* RandomizationScene.swift */; settings = {ASSET_TAGS = (); }; };
		9B76DD371BAE903F00298642 /* ExampleScene.swift in Sources */ = {isa = PBXBuildFile; fileRef = 9B76DD361BAE903F00298642 /* ExampleScene.swift */; settings = {ASSET_TAGS = (); }; };
/* End PBXBuildFile section */

/* Begin PBXContainerItemProxy section */
		9B76DD111BAE839E00298642 /* PBXContainerItemProxy */ = {
			isa = PBXContainerItemProxy;
			containerPortal = 9B76DCF41BAE839E00298642 /* Project object */;
			proxyType = 1;
			remoteGlobalIDString = 9B76DCFB1BAE839E00298642;
			remoteInfo = GameplayKitSandbox;
		};
		9B76DD1C1BAE839E00298642 /* PBXContainerItemProxy */ = {
			isa = PBXContainerItemProxy;
			containerPortal = 9B76DCF41BAE839E00298642 /* Project object */;
			proxyType = 1;
			remoteGlobalIDString = 9B76DCFB1BAE839E00298642;
			remoteInfo = GameplayKitSandbox;
		};
/* End PBXContainerItemProxy section */

/* Begin PBXFileReference section */
		9B76DCFC1BAE839E00298642 /* GameplayKitSandbox.app */ = {isa = PBXFileReference; explicitFileType = wrapper.application; includeInIndex = 0; path = GameplayKitSandbox.app; sourceTree = BUILT_PRODUCTS_DIR; };
		9B76DCFF1BAE839E00298642 /* AppDelegate.swift */ = {isa = PBXFileReference; lastKnownFileType = sourcecode.swift; path = AppDelegate.swift; sourceTree = "<group>"; };
		9B76DD061BAE839E00298642 /* Assets.xcassets */ = {isa = PBXFileReference; lastKnownFileType = folder.assetcatalog; path = Assets.xcassets; sourceTree = "<group>"; };
		9B76DD091BAE839E00298642 /* Base */ = {isa = PBXFileReference; lastKnownFileType = file.storyboard; name = Base; path = Base.lproj/LaunchScreen.storyboard; sourceTree = "<group>"; };
		9B76DD0B1BAE839E00298642 /* Info.plist */ = {isa = PBXFileReference; lastKnownFileType = text.plist.xml; path = Info.plist; sourceTree = "<group>"; };
		9B76DD101BAE839E00298642 /* GameplayKitSandboxTests.xctest */ = {isa = PBXFileReference; explicitFileType = wrapper.cfbundle; includeInIndex = 0; path = GameplayKitSandboxTests.xctest; sourceTree = BUILT_PRODUCTS_DIR; };
		9B76DD141BAE839E00298642 /* GameplayKitSandboxTests.swift */ = {isa = PBXFileReference; lastKnownFileType = sourcecode.swift; path = GameplayKitSandboxTests.swift; sourceTree = "<group>"; };
		9B76DD161BAE839E00298642 /* Info.plist */ = {isa = PBXFileReference; lastKnownFileType = text.plist.xml; path = Info.plist; sourceTree = "<group>"; };
		9B76DD1B1BAE839E00298642 /* GameplayKitSandboxUITests.xctest */ = {isa = PBXFileReference; explicitFileType = wrapper.cfbundle; includeInIndex = 0; path = GameplayKitSandboxUITests.xctest; sourceTree = BUILT_PRODUCTS_DIR; };
		9B76DD1F1BAE839E00298642 /* GameplayKitSandboxUITests.swift */ = {isa = PBXFileReference; lastKnownFileType = sourcecode.swift; path = GameplayKitSandboxUITests.swift; sourceTree = "<group>"; };
		9B76DD211BAE839E00298642 /* Info.plist */ = {isa = PBXFileReference; lastKnownFileType = text.plist.xml; path = Info.plist; sourceTree = "<group>"; };
		9B76DD2D1BAE83BD00298642 /* ExamplesViewController.swift */ = {isa = PBXFileReference; fileEncoding = 4; lastKnownFileType = sourcecode.swift; path = ExamplesViewController.swift; sourceTree = "<group>"; };
		9B76DD2F1BAE879400298642 /* ExampleViewController.swift */ = {isa = PBXFileReference; fileEncoding = 4; lastKnownFileType = sourcecode.swift; path = ExampleViewController.swift; sourceTree = "<group>"; };
		9B76DD311BAE8DD300298642 /* RandomizationViewController.swift */ = {isa = PBXFileReference; fileEncoding = 4; lastKnownFileType = sourcecode.swift; path = RandomizationViewController.swift; sourceTree = "<group>"; };
		9B76DD331BAE8F6400298642 /* RandomizationScene.swift */ = {isa = PBXFileReference; fileEncoding = 4; lastKnownFileType = sourcecode.swift; path = RandomizationScene.swift; sourceTree = "<group>"; };
		9B76DD361BAE903F00298642 /* ExampleScene.swift */ = {isa = PBXFileReference; fileEncoding = 4; lastKnownFileType = sourcecode.swift; path = ExampleScene.swift; sourceTree = "<group>"; };
/* End PBXFileReference section */

/* Begin PBXFrameworksBuildPhase section */
		9B76DCF91BAE839E00298642 /* Frameworks */ = {
			isa = PBXFrameworksBuildPhase;
			buildActionMask = 2147483647;
			files = (
			);
			runOnlyForDeploymentPostprocessing = 0;
		};
		9B76DD0D1BAE839E00298642 /* Frameworks */ = {
			isa = PBXFrameworksBuildPhase;
			buildActionMask = 2147483647;
			files = (
			);
			runOnlyForDeploymentPostprocessing = 0;
		};
		9B76DD181BAE839E00298642 /* Frameworks */ = {
			isa = PBXFrameworksBuildPhase;
			buildActionMask = 2147483647;
			files = (
			);
			runOnlyForDeploymentPostprocessing = 0;
		};
/* End PBXFrameworksBuildPhase section */

/* Begin PBXGroup section */
		9B76DCF31BAE839E00298642 = {
			isa = PBXGroup;
			children = (
				9B76DCFE1BAE839E00298642 /* GameplayKitSandbox */,
				9B76DD131BAE839E00298642 /* GameplayKitSandboxTests */,
				9B76DD1E1BAE839E00298642 /* GameplayKitSandboxUITests */,
				9B76DCFD1BAE839E00298642 /* Products */,
			);
			sourceTree = "<group>";
		};
		9B76DCFD1BAE839E00298642 /* Products */ = {
			isa = PBXGroup;
			children = (
				9B76DCFC1BAE839E00298642 /* GameplayKitSandbox.app */,
				9B76DD101BAE839E00298642 /* GameplayKitSandboxTests.xctest */,
				9B76DD1B1BAE839E00298642 /* GameplayKitSandboxUITests.xctest */,
			);
			name = Products;
			sourceTree = "<group>";
		};
		9B76DCFE1BAE839E00298642 /* GameplayKitSandbox */ = {
			isa = PBXGroup;
			children = (
				9B76DCFF1BAE839E00298642 /* AppDelegate.swift */,
				9B76DD061BAE839E00298642 /* Assets.xcassets */,
				9B76DD081BAE839E00298642 /* LaunchScreen.storyboard */,
				9B76DD0B1BAE839E00298642 /* Info.plist */,
				9B76DD2D1BAE83BD00298642 /* ExamplesViewController.swift */,
				9B76DD2F1BAE879400298642 /* ExampleViewController.swift */,
				9B76DD361BAE903F00298642 /* ExampleScene.swift */,
				9B76DD351BAE8F6D00298642 /* Randomization */,
			);
			path = GameplayKitSandbox;
			sourceTree = "<group>";
		};
		9B76DD131BAE839E00298642 /* GameplayKitSandboxTests */ = {
			isa = PBXGroup;
			children = (
				9B76DD141BAE839E00298642 /* GameplayKitSandboxTests.swift */,
				9B76DD161BAE839E00298642 /* Info.plist */,
			);
			path = GameplayKitSandboxTests;
			sourceTree = "<group>";
		};
		9B76DD1E1BAE839E00298642 /* GameplayKitSandboxUITests */ = {
			isa = PBXGroup;
			children = (
				9B76DD1F1BAE839E00298642 /* GameplayKitSandboxUITests.swift */,
				9B76DD211BAE839E00298642 /* Info.plist */,
			);
			path = GameplayKitSandboxUITests;
			sourceTree = "<group>";
		};
		9B76DD351BAE8F6D00298642 /* Randomization */ = {
			isa = PBXGroup;
			children = (
				9B76DD311BAE8DD300298642 /* RandomizationViewController.swift */,
				9B76DD331BAE8F6400298642 /* RandomizationScene.swift */,
			);
			name = Randomization;
			sourceTree = "<group>";
		};
/* End PBXGroup section */

/* Begin PBXNativeTarget section */
		9B76DCFB1BAE839E00298642 /* GameplayKitSandbox */ = {
			isa = PBXNativeTarget;
			buildConfigurationList = 9B76DD241BAE839E00298642 /* Build configuration list for PBXNativeTarget "GameplayKitSandbox" */;
			buildPhases = (
				9B76DCF81BAE839E00298642 /* Sources */,
				9B76DCF91BAE839E00298642 /* Frameworks */,
				9B76DCFA1BAE839E00298642 /* Resources */,
			);
			buildRules = (
			);
			dependencies = (
			);
			name = GameplayKitSandbox;
			productName = GameplayKitSandbox;
			productReference = 9B76DCFC1BAE839E00298642 /* GameplayKitSandbox.app */;
			productType = "com.apple.product-type.application";
		};
		9B76DD0F1BAE839E00298642 /* GameplayKitSandboxTests */ = {
			isa = PBXNativeTarget;
			buildConfigurationList = 9B76DD271BAE839E00298642 /* Build configuration list for PBXNativeTarget "GameplayKitSandboxTests" */;
			buildPhases = (
				9B76DD0C1BAE839E00298642 /* Sources */,
				9B76DD0D1BAE839E00298642 /* Frameworks */,
				9B76DD0E1BAE839E00298642 /* Resources */,
			);
			buildRules = (
			);
			dependencies = (
				9B76DD121BAE839E00298642 /* PBXTargetDependency */,
			);
			name = GameplayKitSandboxTests;
			productName = GameplayKitSandboxTests;
			productReference = 9B76DD101BAE839E00298642 /* GameplayKitSandboxTests.xctest */;
			productType = "com.apple.product-type.bundle.unit-test";
		};
		9B76DD1A1BAE839E00298642 /* GameplayKitSandboxUITests */ = {
			isa = PBXNativeTarget;
			buildConfigurationList = 9B76DD2A1BAE839E00298642 /* Build configuration list for PBXNativeTarget "GameplayKitSandboxUITests" */;
			buildPhases = (
				9B76DD171BAE839E00298642 /* Sources */,
				9B76DD181BAE839E00298642 /* Frameworks */,
				9B76DD191BAE839E00298642 /* Resources */,
			);
			buildRules = (
			);
			dependencies = (
				9B76DD1D1BAE839E00298642 /* PBXTargetDependency */,
			);
			name = GameplayKitSandboxUITests;
			productName = GameplayKitSandboxUITests;
			productReference = 9B76DD1B1BAE839E00298642 /* GameplayKitSandboxUITests.xctest */;
			productType = "com.apple.product-type.bundle.ui-testing";
		};
/* End PBXNativeTarget section */

/* Begin PBXProject section */
		9B76DCF41BAE839E00298642 /* Project object */ = {
			isa = PBXProject;
			attributes = {
				LastUpgradeCheck = 0700;
				ORGANIZATIONNAME = tnantoka;
				TargetAttributes = {
					9B76DCFB1BAE839E00298642 = {
						CreatedOnToolsVersion = 7.0;
					};
					9B76DD0F1BAE839E00298642 = {
						CreatedOnToolsVersion = 7.0;
						TestTargetID = 9B76DCFB1BAE839E00298642;
					};
					9B76DD1A1BAE839E00298642 = {
						CreatedOnToolsVersion = 7.0;
						TestTargetID = 9B76DCFB1BAE839E00298642;
					};
				};
			};
			buildConfigurationList = 9B76DCF71BAE839E00298642 /* Build configuration list for PBXProject "GameplayKitSandbox" */;
			compatibilityVersion = "Xcode 3.2";
			developmentRegion = English;
			hasScannedForEncodings = 0;
			knownRegions = (
				en,
				Base,
			);
			mainGroup = 9B76DCF31BAE839E00298642;
			productRefGroup = 9B76DCFD1BAE839E00298642 /* Products */;
			projectDirPath = "";
			projectRoot = "";
			targets = (
				9B76DCFB1BAE839E00298642 /* GameplayKitSandbox */,
				9B76DD0F1BAE839E00298642 /* GameplayKitSandboxTests */,
				9B76DD1A1BAE839E00298642 /* GameplayKitSandboxUITests */,
			);
		};
/* End PBXProject section */

/* Begin PBXResourcesBuildPhase section */
		9B76DCFA1BAE839E00298642 /* Resources */ = {
			isa = PBXResourcesBuildPhase;
			buildActionMask = 2147483647;
			files = (
				9B76DD0A1BAE839E00298642 /* LaunchScreen.storyboard in Resources */,
				9B76DD071BAE839E00298642 /* Assets.xcassets in Resources */,
			);
			runOnlyForDeploymentPostprocessing = 0;
		};
		9B76DD0E1BAE839E00298642 /* Resources */ = {
			isa = PBXResourcesBuildPhase;
			buildActionMask = 2147483647;
			files = (
			);
			runOnlyForDeploymentPostprocessing = 0;
		};
		9B76DD191BAE839E00298642 /* Resources */ = {
			isa = PBXResourcesBuildPhase;
			buildActionMask = 2147483647;
			files = (
			);
			runOnlyForDeploymentPostprocessing = 0;
		};
/* End PBXResourcesBuildPhase section */

/* Begin PBXSourcesBuildPhase section */
		9B76DCF81BAE839E00298642 /* Sources */ = {
			isa = PBXSourcesBuildPhase;
			buildActionMask = 2147483647;
			files = (
				9B76DD341BAE8F6400298642 /* RandomizationScene.swift in Sources */,
				9B76DD2E1BAE83BD00298642 /* ExamplesViewController.swift in Sources */,
				9B76DD001BAE839E00298642 /* AppDelegate.swift in Sources */,
				9B76DD321BAE8DD300298642 /* RandomizationViewController.swift in Sources */,
				9B76DD301BAE879400298642 /* ExampleViewController.swift in Sources */,
				9B76DD371BAE903F00298642 /* ExampleScene.swift in Sources */,
			);
			runOnlyForDeploymentPostprocessing = 0;
		};
		9B76DD0C1BAE839E00298642 /* Sources */ = {
			isa = PBXSourcesBuildPhase;
			buildActionMask = 2147483647;
			files = (
				9B76DD151BAE839E00298642 /* GameplayKitSandboxTests.swift in Sources */,
			);
			runOnlyForDeploymentPostprocessing = 0;
		};
		9B76DD171BAE839E00298642 /* Sources */ = {
			isa = PBXSourcesBuildPhase;
			buildActionMask = 2147483647;
			files = (
				9B76DD201BAE839E00298642 /* GameplayKitSandboxUITests.swift in Sources */,
			);
			runOnlyForDeploymentPostprocessing = 0;
		};
/* End PBXSourcesBuildPhase section */

/* Begin PBXTargetDependency section */
		9B76DD121BAE839E00298642 /* PBXTargetDependency */ = {
			isa = PBXTargetDependency;
			target = 9B76DCFB1BAE839E00298642 /* GameplayKitSandbox */;
			targetProxy = 9B76DD111BAE839E00298642 /* PBXContainerItemProxy */;
		};
		9B76DD1D1BAE839E00298642 /* PBXTargetDependency */ = {
			isa = PBXTargetDependency;
			target = 9B76DCFB1BAE839E00298642 /* GameplayKitSandbox */;
			targetProxy = 9B76DD1C1BAE839E00298642 /* PBXContainerItemProxy */;
		};
/* End PBXTargetDependency section */

/* Begin PBXVariantGroup section */
		9B76DD081BAE839E00298642 /* LaunchScreen.storyboard */ = {
			isa = PBXVariantGroup;
			children = (
				9B76DD091BAE839E00298642 /* Base */,
			);
			name = LaunchScreen.storyboard;
			sourceTree = "<group>";
		};
/* End PBXVariantGroup section */

/* Begin XCBuildConfiguration section */
		9B76DD221BAE839E00298642 /* Debug */ = {
			isa = XCBuildConfiguration;
			buildSettings = {
				ALWAYS_SEARCH_USER_PATHS = NO;
				CLANG_CXX_LANGUAGE_STANDARD = "gnu++0x";
				CLANG_CXX_LIBRARY = "libc++";
				CLANG_ENABLE_MODULES = YES;
				CLANG_ENABLE_OBJC_ARC = YES;
				CLANG_WARN_BOOL_CONVERSION = YES;
				CLANG_WARN_CONSTANT_CONVERSION = YES;
				CLANG_WARN_DIRECT_OBJC_ISA_USAGE = YES_ERROR;
				CLANG_WARN_EMPTY_BODY = YES;
				CLANG_WARN_ENUM_CONVERSION = YES;
				CLANG_WARN_INT_CONVERSION = YES;
				CLANG_WARN_OBJC_ROOT_CLASS = YES_ERROR;
				CLANG_WARN_UNREACHABLE_CODE = YES;
				CLANG_WARN__DUPLICATE_METHOD_MATCH = YES;
				"CODE_SIGN_IDENTITY[sdk=iphoneos*]" = "iPhone Developer";
				COPY_PHASE_STRIP = NO;
				DEBUG_INFORMATION_FORMAT = dwarf;
				ENABLE_STRICT_OBJC_MSGSEND = YES;
				ENABLE_TESTABILITY = YES;
				GCC_C_LANGUAGE_STANDARD = gnu99;
				GCC_DYNAMIC_NO_PIC = NO;
				GCC_NO_COMMON_BLOCKS = YES;
				GCC_OPTIMIZATION_LEVEL = 0;
				GCC_PREPROCESSOR_DEFINITIONS = (
					"DEBUG=1",
					"$(inherited)",
				);
				GCC_WARN_64_TO_32_BIT_CONVERSION = YES;
				GCC_WARN_ABOUT_RETURN_TYPE = YES_ERROR;
				GCC_WARN_UNDECLARED_SELECTOR = YES;
				GCC_WARN_UNINITIALIZED_AUTOS = YES_AGGRESSIVE;
				GCC_WARN_UNUSED_FUNCTION = YES;
				GCC_WARN_UNUSED_VARIABLE = YES;
				IPHONEOS_DEPLOYMENT_TARGET = 9.0;
				MTL_ENABLE_DEBUG_INFO = YES;
				ONLY_ACTIVE_ARCH = YES;
				OTHER_SWIFT_FLAGS = "-D DEBUG";
				SDKROOT = iphoneos;
				SWIFT_OPTIMIZATION_LEVEL = "-Onone";
			};
			name = Debug;
		};
		9B76DD231BAE839E00298642 /* Release */ = {
			isa = XCBuildConfiguration;
			buildSettings = {
				ALWAYS_SEARCH_USER_PATHS = NO;
				CLANG_CXX_LANGUAGE_STANDARD = "gnu++0x";
				CLANG_CXX_LIBRARY = "libc++";
				CLANG_ENABLE_MODULES = YES;
				CLANG_ENABLE_OBJC_ARC = YES;
				CLANG_WARN_BOOL_CONVERSION = YES;
				CLANG_WARN_CONSTANT_CONVERSION = YES;
				CLANG_WARN_DIRECT_OBJC_ISA_USAGE = YES_ERROR;
				CLANG_WARN_EMPTY_BODY = YES;
				CLANG_WARN_ENUM_CONVERSION = YES;
				CLANG_WARN_INT_CONVERSION = YES;
				CLANG_WARN_OBJC_ROOT_CLASS = YES_ERROR;
				CLANG_WARN_UNREACHABLE_CODE = YES;
				CLANG_WARN__DUPLICATE_METHOD_MATCH = YES;
				"CODE_SIGN_IDENTITY[sdk=iphoneos*]" = "iPhone Developer";
				COPY_PHASE_STRIP = NO;
				DEBUG_INFORMATION_FORMAT = "dwarf-with-dsym";
				ENABLE_NS_ASSERTIONS = NO;
				ENABLE_STRICT_OBJC_MSGSEND = YES;
				GCC_C_LANGUAGE_STANDARD = gnu99;
				GCC_NO_COMMON_BLOCKS = YES;
				GCC_WARN_64_TO_32_BIT_CONVERSION = YES;
				GCC_WARN_ABOUT_RETURN_TYPE = YES_ERROR;
				GCC_WARN_UNDECLARED_SELECTOR = YES;
				GCC_WARN_UNINITIALIZED_AUTOS = YES_AGGRESSIVE;
				GCC_WARN_UNUSED_FUNCTION = YES;
				GCC_WARN_UNUSED_VARIABLE = YES;
				IPHONEOS_DEPLOYMENT_TARGET = 9.0;
				MTL_ENABLE_DEBUG_INFO = NO;
				SDKROOT = iphoneos;
				VALIDATE_PRODUCT = YES;
			};
			name = Release;
		};
		9B76DD251BAE839E00298642 /* Debug */ = {
			isa = XCBuildConfiguration;
			buildSettings = {
				ASSETCATALOG_COMPILER_APPICON_NAME = AppIcon;
				INFOPLIST_FILE = GameplayKitSandbox/Info.plist;
				LD_RUNPATH_SEARCH_PATHS = "$(inherited) @executable_path/Frameworks";
				PRODUCT_BUNDLE_IDENTIFIER = com.bornneet.GameplayKitSandbox;
				PRODUCT_NAME = "$(TARGET_NAME)";
			};
			name = Debug;
		};
		9B76DD261BAE839E00298642 /* Release */ = {
			isa = XCBuildConfiguration;
			buildSettings = {
				ASSETCATALOG_COMPILER_APPICON_NAME = AppIcon;
				INFOPLIST_FILE = GameplayKitSandbox/Info.plist;
				LD_RUNPATH_SEARCH_PATHS = "$(inherited) @executable_path/Frameworks";
				PRODUCT_BUNDLE_IDENTIFIER = com.bornneet.GameplayKitSandbox;
				PRODUCT_NAME = "$(TARGET_NAME)";
			};
			name = Release;
		};
		9B76DD281BAE839E00298642 /* Debug */ = {
			isa = XCBuildConfiguration;
			buildSettings = {
				BUNDLE_LOADER = "$(TEST_HOST)";
				INFOPLIST_FILE = GameplayKitSandboxTests/Info.plist;
				LD_RUNPATH_SEARCH_PATHS = "$(inherited) @executable_path/Frameworks @loader_path/Frameworks";
				PRODUCT_BUNDLE_IDENTIFIER = com.bornneet.GameplayKitSandboxTests;
				PRODUCT_NAME = "$(TARGET_NAME)";
				TEST_HOST = "$(BUILT_PRODUCTS_DIR)/GameplayKitSandbox.app/GameplayKitSandbox";
			};
			name = Debug;
		};
		9B76DD291BAE839E00298642 /* Release */ = {
			isa = XCBuildConfiguration;
			buildSettings = {
				BUNDLE_LOADER = "$(TEST_HOST)";
				INFOPLIST_FILE = GameplayKitSandboxTests/Info.plist;
				LD_RUNPATH_SEARCH_PATHS = "$(inherited) @executable_path/Frameworks @loader_path/Frameworks";
				PRODUCT_BUNDLE_IDENTIFIER = com.bornneet.GameplayKitSandboxTests;
				PRODUCT_NAME = "$(TARGET_NAME)";
				TEST_HOST = "$(BUILT_PRODUCTS_DIR)/GameplayKitSandbox.app/GameplayKitSandbox";
			};
			name = Release;
		};
		9B76DD2B1BAE839E00298642 /* Debug */ = {
			isa = XCBuildConfiguration;
			buildSettings = {
				INFOPLIST_FILE = GameplayKitSandboxUITests/Info.plist;
				LD_RUNPATH_SEARCH_PATHS = "$(inherited) @executable_path/Frameworks @loader_path/Frameworks";
				PRODUCT_BUNDLE_IDENTIFIER = com.bornneet.GameplayKitSandboxUITests;
				PRODUCT_NAME = "$(TARGET_NAME)";
				TEST_TARGET_NAME = GameplayKitSandbox;
				USES_XCTRUNNER = YES;
			};
			name = Debug;
		};
		9B76DD2C1BAE839E00298642 /* Release */ = {
			isa = XCBuildConfiguration;
			buildSettings = {
				INFOPLIST_FILE = GameplayKitSandboxUITests/Info.plist;
				LD_RUNPATH_SEARCH_PATHS = "$(inherited) @executable_path/Frameworks @loader_path/Frameworks";
				PRODUCT_BUNDLE_IDENTIFIER = com.bornneet.GameplayKitSandboxUITests;
				PRODUCT_NAME = "$(TARGET_NAME)";
				TEST_TARGET_NAME = GameplayKitSandbox;
				USES_XCTRUNNER = YES;
			};
			name = Release;
		};
/* End XCBuildConfiguration section */

/* Begin XCConfigurationList section */
		9B76DCF71BAE839E00298642 /* Build configuration list for PBXProject "GameplayKitSandbox" */ = {
			isa = XCConfigurationList;
			buildConfigurations = (
				9B76DD221BAE839E00298642 /* Debug */,
				9B76DD231BAE839E00298642 /* Release */,
			);
			defaultConfigurationIsVisible = 0;
			defaultConfigurationName = Release;
		};
		9B76DD241BAE839E00298642 /* Build configuration list for PBXNativeTarget "GameplayKitSandbox" */ = {
			isa = XCConfigurationList;
			buildConfigurations = (
				9B76DD251BAE839E00298642 /* Debug */,
				9B76DD261BAE839E00298642 /* Release */,
			);
			defaultConfigurationIsVisible = 0;
		};
		9B76DD271BAE839E00298642 /* Build configuration list for PBXNativeTarget "GameplayKitSandboxTests" */ = {
			isa = XCConfigurationList;
			buildConfigurations = (
				9B76DD281BAE839E00298642 /* Debug */,
				9B76DD291BAE839E00298642 /* Release */,
			);
			defaultConfigurationIsVisible = 0;
		};
		9B76DD2A1BAE839E00298642 /* Build configuration list for PBXNativeTarget "GameplayKitSandboxUITests" */ = {
			isa = XCConfigurationList;
			buildConfigurations = (
				9B76DD2B1BAE839E00298642 /* Debug */,
				9B76DD2C1BAE839E00298642 /* Release */,
			);
			defaultConfigurationIsVisible = 0;
		};
/* End XCConfigurationList section */
	};
	rootObject = 9B76DCF41BAE839E00298642 /* Project object */;
}
